
Microsoft Visual Studio Solution File, Format Version 12.00
# Visual Studio Version 16
VisualStudioVersion = 16.0.29609.76
MinimumVisualStudioVersion = 10.0.40219.1
Project("{FAE04EC0-301F-11D3-BF4B-00C04F79EFBC}") = "GreedySnake", "GreedySnake\GreedySnake.csproj", "{BB6AA51E-10A2-4E47-A4FA-371138DB8959}"
EndProject
Global
	GlobalSection(SolutionConfigurationPlatforms) = preSolution
		Debug|Any CPU = Debug|Any CPU
		Release|Any CPU = Release|Any CPU
	EndGlobalSection
	GlobalSection(ProjectConfigurationPlatforms) = postSolution
		{BB6AA51E-10A2-4E47-A4FA-371138DB8959}.Debug|Any CPU.ActiveCfg = Debug|Any CPU
		{BB6AA51E-10A2-4E47-A4FA-371138DB8959}.Debug|Any CPU.Build.0 = Debug|Any CPU
		{BB6AA51E-10A2-4E47-A4FA-371138DB8959}.Release|Any CPU.ActiveCfg = Release|Any CPU
		{BB6AA51E-10A2-4E47-A4FA-371138DB8959}.Release|Any CPU.Build.0 = Release|Any CPU
	EndGlobalSection
	GlobalSection(SolutionProperties) = preSolution
		HideSolutionNode = FALSE
	EndGlobalSection
	GlobalSection(ExtensibilityGlobals) = postSolution
		SolutionGuid = {158BC6A6-83DF-45E2-9AD2-337F8023EE88}
	EndGlobalSection
EndGlobal
